
Microsoft Visual Studio Solution File, Format Version 12.00
# Visual Studio Version 17
VisualStudioVersion = 17.10.35013.160
MinimumVisualStudioVersion = 10.0.40219.1
Project("{FAE04EC0-301F-11D3-BF4B-00C04F79EFBC}") = "CSC240-03-02-PhoneCall-DG", "CSC240-03-02-PhoneCall-DG\CSC240-03-02-PhoneCall-DG.csproj", "{14CC60CF-4FBC-4E2B-9C24-0005EBC2AFC6}"
EndProject
Global
	GlobalSection(SolutionConfigurationPlatforms) = preSolution
		Debug|Any CPU = Debug|Any CPU
		Release|Any CPU = Release|Any CPU
	EndGlobalSection
	GlobalSection(ProjectConfigurationPlatforms) = postSolution
		{14CC60CF-4FBC-4E2B-9C24-0005EBC2AFC6}.Debug|Any CPU.ActiveCfg = Debug|Any CPU
		{14CC60CF-4FBC-4E2B-9C24-0005EBC2AFC6}.Debug|Any CPU.Build.0 = Debug|Any CPU
		{14CC60CF-4FBC-4E2B-9C24-0005EBC2AFC6}.Release|Any CPU.ActiveCfg = Release|Any CPU
		{14CC60CF-4FBC-4E2B-9C24-0005EBC2AFC6}.Release|Any CPU.Build.0 = Release|Any CPU
	EndGlobalSection
	GlobalSection(SolutionProperties) = preSolution
		HideSolutionNode = FALSE
	EndGlobalSection
	GlobalSection(ExtensibilityGlobals) = postSolution
		SolutionGuid = {BCE8BD4C-EB88-4A5C-BB37-6581E1DFAC64}
	EndGlobalSection
EndGlobal
